
Microsoft Visual Studio Solution File, Format Version 12.00
# Visual Studio Version 17
VisualStudioVersion = 17.3.32819.101
MinimumVisualStudioVersion = 10.0.40219.1
Project("{FAE04EC0-301F-11D3-BF4B-00C04F79EFBC}") = "X and O", "X and O\X and O.csproj", "{2BC2CBB2-35CF-4B19-8EE9-0BBE2D90A89D}"
EndProject
Global
	GlobalSection(SolutionConfigurationPlatforms) = preSolution
		Debug|Any CPU = Debug|Any CPU
		Release|Any CPU = Release|Any CPU
	EndGlobalSection
	GlobalSection(ProjectConfigurationPlatforms) = postSolution
		{2BC2CBB2-35CF-4B19-8EE9-0BBE2D90A89D}.Debug|Any CPU.ActiveCfg = Debug|Any CPU
		{2BC2CBB2-35CF-4B19-8EE9-0BBE2D90A89D}.Debug|Any CPU.Build.0 = Debug|Any CPU
		{2BC2CBB2-35CF-4B19-8EE9-0BBE2D90A89D}.Release|Any CPU.ActiveCfg = Release|Any CPU
		{2BC2CBB2-35CF-4B19-8EE9-0BBE2D90A89D}.Release|Any CPU.Build.0 = Release|Any CPU
	EndGlobalSection
	GlobalSection(SolutionProperties) = preSolution
		HideSolutionNode = FALSE
	EndGlobalSection
	GlobalSection(ExtensibilityGlobals) = postSolution
		SolutionGuid = {A59769BD-C381-44EC-B280-BE1E4A8A3573}
	EndGlobalSection
EndGlobal
